
Microsoft Visual Studio Solution File, Format Version 12.00
# Visual Studio Version 17
VisualStudioVersion = 17.11.35312.102
MinimumVisualStudioVersion = 10.0.40219.1
Project("{FAE04EC0-301F-11D3-BF4B-00C04F79EFBC}") = "APIAggregator", "APIAggregator\APIAggregator.csproj", "{FA0F6E7A-7A10-46A5-B5A0-22B61C809043}"
EndProject
Global
	GlobalSection(SolutionConfigurationPlatforms) = preSolution
		Debug|Any CPU = Debug|Any CPU
		Release|Any CPU = Release|Any CPU
	EndGlobalSection
	GlobalSection(ProjectConfigurationPlatforms) = postSolution
		{FA0F6E7A-7A10-46A5-B5A0-22B61C809043}.Debug|Any CPU.ActiveCfg = Debug|Any CPU
		{FA0F6E7A-7A10-46A5-B5A0-22B61C809043}.Debug|Any CPU.Build.0 = Debug|Any CPU
		{FA0F6E7A-7A10-46A5-B5A0-22B61C809043}.Release|Any CPU.ActiveCfg = Release|Any CPU
		{FA0F6E7A-7A10-46A5-B5A0-22B61C809043}.Release|Any CPU.Build.0 = Release|Any CPU
	EndGlobalSection
	GlobalSection(SolutionProperties) = preSolution
		HideSolutionNode = FALSE
	EndGlobalSection
	GlobalSection(ExtensibilityGlobals) = postSolution
		SolutionGuid = {BBCFE524-9335-4BA3-B07A-80EF43A88520}
	EndGlobalSection
EndGlobal
